<Solution>
  <Folder Name="/src/">
    <Project Path="src/Chimpiler.Core/Chimpiler.Core.csproj" />
    <Project Path="src/Chimpiler.EfMigrate/Chimpiler.EfMigrate.csproj" />
    <Project Path="src/Chimpiler/Chimpiler.csproj" />
  </Folder>
  <Folder Name="/tests/">
    <Project Path="tests/Chimpiler.TestFixtures/Chimpiler.TestFixtures.csproj" />
    <Project Path="tests/Chimpiler.Tests/Chimpiler.Tests.csproj" />
  </Folder>
</Solution>
